
Microsoft Visual Studio Solution File, Format Version 12.00
# Visual Studio Version 17
VisualStudioVersion = 17.4.33205.214
MinimumVisualStudioVersion = 10.0.40219.1
Project("{FAE04EC0-301F-11D3-BF4B-00C04F79EFBC}") = "EntityDB2022", "EntityDB2022\EntityDB2022.csproj", "{C6EEA3EC-2FF6-4B72-8435-BF6FE91D15DC}"
EndProject
Global
	GlobalSection(SolutionConfigurationPlatforms) = preSolution
		Debug|Any CPU = Debug|Any CPU
		Release|Any CPU = Release|Any CPU
	EndGlobalSection
	GlobalSection(ProjectConfigurationPlatforms) = postSolution
		{C6EEA3EC-2FF6-4B72-8435-BF6FE91D15DC}.Debug|Any CPU.ActiveCfg = Debug|Any CPU
		{C6EEA3EC-2FF6-4B72-8435-BF6FE91D15DC}.Debug|Any CPU.Build.0 = Debug|Any CPU
		{C6EEA3EC-2FF6-4B72-8435-BF6FE91D15DC}.Release|Any CPU.ActiveCfg = Release|Any CPU
		{C6EEA3EC-2FF6-4B72-8435-BF6FE91D15DC}.Release|Any CPU.Build.0 = Release|Any CPU
	EndGlobalSection
	GlobalSection(SolutionProperties) = preSolution
		HideSolutionNode = FALSE
	EndGlobalSection
	GlobalSection(ExtensibilityGlobals) = postSolution
		SolutionGuid = {845C9263-28A9-44E2-BB28-F2064553F766}
	EndGlobalSection
EndGlobal
